
Microsoft Visual Studio Solution File, Format Version 12.00
# Visual Studio Version 17
VisualStudioVersion = 17.3.32811.315
MinimumVisualStudioVersion = 10.0.40219.1
Project("{2150E333-8FDC-42A3-9474-1A3956D46DE8}") = "src", "src", "{89E92884-C554-4363-BF9E-AE2E0A5B8146}"
EndProject
Project("{9A19103F-16F7-4668-BE54-9A1E7A4F7556}") = "FabioCosta.Web", "src\FabioCosta.Web\FabioCosta.Web.csproj", "{83C52C37-2BCC-4EEF-99B6-9DC5287628E6}"
EndProject
Project("{2150E333-8FDC-42A3-9474-1A3956D46DE8}") = "web", "web", "{B84667E8-4762-469E-A063-11B73AAF7133}"
EndProject
Project("{2150E333-8FDC-42A3-9474-1A3956D46DE8}") = "Github", "Github", "{A8417FEE-114F-460A-A566-BEC0C52DD8CE}"
	ProjectSection(SolutionItems) = preProject
		.github\workflows\dotnet_dev.yml = .github\workflows\dotnet_dev.yml
		.github\workflows\dotnet_prod.yml = .github\workflows\dotnet_prod.yml
	EndProjectSection
EndProject
Global
	GlobalSection(SolutionConfigurationPlatforms) = preSolution
		Debug|Any CPU = Debug|Any CPU
		Release|Any CPU = Release|Any CPU
	EndGlobalSection
	GlobalSection(ProjectConfigurationPlatforms) = postSolution
		{83C52C37-2BCC-4EEF-99B6-9DC5287628E6}.Debug|Any CPU.ActiveCfg = Debug|Any CPU
		{83C52C37-2BCC-4EEF-99B6-9DC5287628E6}.Debug|Any CPU.Build.0 = Debug|Any CPU
		{83C52C37-2BCC-4EEF-99B6-9DC5287628E6}.Release|Any CPU.ActiveCfg = Release|Any CPU
		{83C52C37-2BCC-4EEF-99B6-9DC5287628E6}.Release|Any CPU.Build.0 = Release|Any CPU
	EndGlobalSection
	GlobalSection(SolutionProperties) = preSolution
		HideSolutionNode = FALSE
	EndGlobalSection
	GlobalSection(NestedProjects) = preSolution
		{83C52C37-2BCC-4EEF-99B6-9DC5287628E6} = {B84667E8-4762-469E-A063-11B73AAF7133}
		{B84667E8-4762-469E-A063-11B73AAF7133} = {89E92884-C554-4363-BF9E-AE2E0A5B8146}
	EndGlobalSection
	GlobalSection(ExtensibilityGlobals) = postSolution
		SolutionGuid = {A6A4E3BA-C703-421C-AC07-1CEAFAA20811}
	EndGlobalSection
EndGlobal
