
Microsoft Visual Studio Solution File, Format Version 12.00
# Visual Studio Version 16
VisualStudioVersion = 16.0.31025.194
MinimumVisualStudioVersion = 10.0.40219.1
Project("{2150E333-8FDC-42A3-9474-1A3956D46DE8}") = "src", "src", "{89E92884-C554-4363-BF9E-AE2E0A5B8146}"
EndProject
Project("{FAE04EC0-301F-11D3-BF4B-00C04F79EFBC}") = "FabioCosta.Web", "src\FabioCosta.Web\FabioCosta.Web.csproj", "{83C52C37-2BCC-4EEF-99B6-9DC5287628E6}"
EndProject
Global
	GlobalSection(SolutionConfigurationPlatforms) = preSolution
		Debug|Any CPU = Debug|Any CPU
		Release|Any CPU = Release|Any CPU
	EndGlobalSection
	GlobalSection(ProjectConfigurationPlatforms) = postSolution
		{83C52C37-2BCC-4EEF-99B6-9DC5287628E6}.Debug|Any CPU.ActiveCfg = Debug|Any CPU
		{83C52C37-2BCC-4EEF-99B6-9DC5287628E6}.Debug|Any CPU.Build.0 = Debug|Any CPU
		{83C52C37-2BCC-4EEF-99B6-9DC5287628E6}.Release|Any CPU.ActiveCfg = Release|Any CPU
		{83C52C37-2BCC-4EEF-99B6-9DC5287628E6}.Release|Any CPU.Build.0 = Release|Any CPU
	EndGlobalSection
	GlobalSection(SolutionProperties) = preSolution
		HideSolutionNode = FALSE
	EndGlobalSection
	GlobalSection(NestedProjects) = preSolution
		{83C52C37-2BCC-4EEF-99B6-9DC5287628E6} = {89E92884-C554-4363-BF9E-AE2E0A5B8146}
	EndGlobalSection
	GlobalSection(ExtensibilityGlobals) = postSolution
		SolutionGuid = {A6A4E3BA-C703-421C-AC07-1CEAFAA20811}
	EndGlobalSection
EndGlobal
